
Microsoft Visual Studio Solution File, Format Version 12.00
# Visual Studio Version 17
VisualStudioVersion = 17.8.34330.188
MinimumVisualStudioVersion = 10.0.40219.1
Project("{FAE04EC0-301F-11D3-BF4B-00C04F79EFBC}") = "phuongthucxoaphantukhoimang", "phuongthucxoaphantukhoimang\phuongthucxoaphantukhoimang.csproj", "{1D53E71B-CF25-453D-894B-02F098270C11}"
EndProject
Global
	GlobalSection(SolutionConfigurationPlatforms) = preSolution
		Debug|Any CPU = Debug|Any CPU
		Release|Any CPU = Release|Any CPU
	EndGlobalSection
	GlobalSection(ProjectConfigurationPlatforms) = postSolution
		{1D53E71B-CF25-453D-894B-02F098270C11}.Debug|Any CPU.ActiveCfg = Debug|Any CPU
		{1D53E71B-CF25-453D-894B-02F098270C11}.Debug|Any CPU.Build.0 = Debug|Any CPU
		{1D53E71B-CF25-453D-894B-02F098270C11}.Release|Any CPU.ActiveCfg = Release|Any CPU
		{1D53E71B-CF25-453D-894B-02F098270C11}.Release|Any CPU.Build.0 = Release|Any CPU
	EndGlobalSection
	GlobalSection(SolutionProperties) = preSolution
		HideSolutionNode = FALSE
	EndGlobalSection
	GlobalSection(ExtensibilityGlobals) = postSolution
		SolutionGuid = {F8E1FCE3-3F7F-4F78-87A2-5A191F2F40E7}
	EndGlobalSection
EndGlobal
